
Microsoft Visual Studio Solution File, Format Version 12.00
# Visual Studio Version 17
VisualStudioVersion = 17.3.32929.385
MinimumVisualStudioVersion = 10.0.40219.1
Project("{FAE04EC0-301F-11D3-BF4B-00C04F79EFBC}") = "Module_15", "Module_15\Module_15.csproj", "{046ED878-35C1-4B6F-B055-81A92A3C7947}"
EndProject
Global
	GlobalSection(SolutionConfigurationPlatforms) = preSolution
		Debug|Any CPU = Debug|Any CPU
		Release|Any CPU = Release|Any CPU
	EndGlobalSection
	GlobalSection(ProjectConfigurationPlatforms) = postSolution
		{046ED878-35C1-4B6F-B055-81A92A3C7947}.Debug|Any CPU.ActiveCfg = Debug|Any CPU
		{046ED878-35C1-4B6F-B055-81A92A3C7947}.Debug|Any CPU.Build.0 = Debug|Any CPU
		{046ED878-35C1-4B6F-B055-81A92A3C7947}.Release|Any CPU.ActiveCfg = Release|Any CPU
		{046ED878-35C1-4B6F-B055-81A92A3C7947}.Release|Any CPU.Build.0 = Release|Any CPU
	EndGlobalSection
	GlobalSection(SolutionProperties) = preSolution
		HideSolutionNode = FALSE
	EndGlobalSection
	GlobalSection(ExtensibilityGlobals) = postSolution
		SolutionGuid = {408ED54B-7D45-4062-B961-F8EAC04ECDD1}
	EndGlobalSection
EndGlobal
